dependencies:
- name: ui
  repository: file://../ui
  version: 1.0.0
- name: post
  repository: file://../post
  version: 1.0.1
- name: comment
  repository: file://../comment
  version: 1.0.0
- name: mongodb
  repository: https://kubernetes-charts.storage.googleapis.com
  version: 7.2.8
digest: sha256:c848af6bb3dedc723ed690423d797ab493773022c5f3b8e4478ce279350434ed
generated: 2019-11-24T16:10:42.6500329+03:00
